
Microsoft Visual Studio Solution File, Format Version 12.00
# Visual Studio Version 16
VisualStudioVersion = 16.0.30907.101
MinimumVisualStudioVersion = 10.0.40219.1
Project("{9A19103F-16F7-4668-BE54-9A1E7A4F7556}") = "SimpleWebApp", "SimpleWebApp\SimpleWebApp.csproj", "{19DEF443-F6AC-4423-A0E2-1C92645208D7}"
EndProject
Project("{FAE04EC0-301F-11D3-BF4B-00C04F79EFBC}") = "SimpleWebApp.Repository", "SimpleWebApp.Repository\SimpleWebApp.Repository.csproj", "{FB855E7C-CADA-4F27-9602-1B32329D6E4B}"
EndProject
Project("{FAE04EC0-301F-11D3-BF4B-00C04F79EFBC}") = "TestProject", "TestProject\TestProject.csproj", "{C436C0E1-6E6F-4190-A568-694A0E97894C}"
EndProject
Global
	GlobalSection(SolutionConfigurationPlatforms) = preSolution
		Debug|Any CPU = Debug|Any CPU
		Release|Any CPU = Release|Any CPU
	EndGlobalSection
	GlobalSection(ProjectConfigurationPlatforms) = postSolution
		{19DEF443-F6AC-4423-A0E2-1C92645208D7}.Debug|Any CPU.ActiveCfg = Debug|Any CPU
		{19DEF443-F6AC-4423-A0E2-1C92645208D7}.Debug|Any CPU.Build.0 = Debug|Any CPU
		{19DEF443-F6AC-4423-A0E2-1C92645208D7}.Release|Any CPU.ActiveCfg = Release|Any CPU
		{19DEF443-F6AC-4423-A0E2-1C92645208D7}.Release|Any CPU.Build.0 = Release|Any CPU
		{FB855E7C-CADA-4F27-9602-1B32329D6E4B}.Debug|Any CPU.ActiveCfg = Debug|Any CPU
		{FB855E7C-CADA-4F27-9602-1B32329D6E4B}.Debug|Any CPU.Build.0 = Debug|Any CPU
		{FB855E7C-CADA-4F27-9602-1B32329D6E4B}.Release|Any CPU.ActiveCfg = Release|Any CPU
		{FB855E7C-CADA-4F27-9602-1B32329D6E4B}.Release|Any CPU.Build.0 = Release|Any CPU
		{C436C0E1-6E6F-4190-A568-694A0E97894C}.Debug|Any CPU.ActiveCfg = Debug|Any CPU
		{C436C0E1-6E6F-4190-A568-694A0E97894C}.Debug|Any CPU.Build.0 = Debug|Any CPU
		{C436C0E1-6E6F-4190-A568-694A0E97894C}.Release|Any CPU.ActiveCfg = Release|Any CPU
		{C436C0E1-6E6F-4190-A568-694A0E97894C}.Release|Any CPU.Build.0 = Release|Any CPU
	EndGlobalSection
	GlobalSection(SolutionProperties) = preSolution
		HideSolutionNode = FALSE
	EndGlobalSection
	GlobalSection(ExtensibilityGlobals) = postSolution
		SolutionGuid = {1D3F02B0-65CA-42A7-A3E2-182EFF318AF1}
	EndGlobalSection
EndGlobal
